// !$*UTF8*$!
{
	archiveVersion = 1;
	classes = {
	};
	objectVersion = 50;
	objects = {

/* Begin PBXBuildFile section */
		AC576A28215BC8B900337091 /* AppDelegate.swift in Sources */ = {isa = PBXBuildFile; fileRef = AC576A27215BC8B900337091 /* AppDelegate.swift */; };
		AC576A2A215BC8B900337091 /* ViewController.swift in Sources */ = {isa = PBXBuildFile; fileRef = AC576A29215BC8B900337091 /* ViewController.swift */; };
		AC576A2D215BC8B900337091 /* Main.storyboard in Resources */ = {isa = PBXBuildFile; fileRef = AC576A2B215BC8B900337091 /* Main.storyboard */; };
		AC576A2F215BC8BB00337091 /* Assets.xcassets in Resources */ = {isa = PBXBuildFile; fileRef = AC576A2E215BC8BB00337091 /* Assets.xcassets */; };
		AC576A32215BC8BB00337091 /* LaunchScreen.storyboard in Resources */ = {isa = PBXBuildFile; fileRef = AC576A30215BC8BB00337091 /* LaunchScreen.storyboard */; };
		AC576A3A215BC91F00337091 /* ListaTableViewController.swift in Sources */ = {isa = PBXBuildFile; fileRef = AC576A39215BC91F00337091 /* ListaTableViewController.swift */; };
		AC576A3C215BCBFE00337091 /* Aplicativo.swift in Sources */ = {isa = PBXBuildFile; fileRef = AC576A3B215BCBFE00337091 /* Aplicativo.swift */; };
/* End PBXBuildFile section */

/* Begin PBXFileReference section */
		AC576A24215BC8B800337091 /* ExemploSWAPI.app */ = {isa = PBXFileReference; explicitFileType = wrapper.application; includeInIndex = 0; path = ExemploSWAPI.app; sourceTree = BUILT_PRODUCTS_DIR; };
		AC576A27215BC8B900337091 /* AppDelegate.swift */ = {isa = PBXFileReference; lastKnownFileType = sourcecode.swift; path = AppDelegate.swift; sourceTree = "<group>"; };
		AC576A29215BC8B900337091 /* ViewController.swift */ = {isa = PBXFileReference; lastKnownFileType = sourcecode.swift; path = ViewController.swift; sourceTree = "<group>"; };
		AC576A2C215BC8B900337091 /* Base */ = {isa = PBXFileReference; lastKnownFileType = file.storyboard; name = Base; path = Base.lproj/Main.storyboard; sourceTree = "<group>"; };
		AC576A2E215BC8BB00337091 /* Assets.xcassets */ = {isa = PBXFileReference; lastKnownFileType = folder.assetcatalog; path = Assets.xcassets; sourceTree = "<group>"; };
		AC576A31215BC8BB00337091 /* Base */ = {isa = PBXFileReference; lastKnownFileType = file.storyboard; name = Base; path = Base.lproj/LaunchScreen.storyboard; sourceTree = "<group>"; };
		AC576A33215BC8BB00337091 /* Info.plist */ = {isa = PBXFileReference; lastKnownFileType = text.plist.xml; path = Info.plist; sourceTree = "<group>"; };
		AC576A39215BC91F00337091 /* ListaTableViewController.swift */ = {isa = PBXFileReference; lastKnownFileType = sourcecode.swift; path = ListaTableViewController.swift; sourceTree = "<group>"; };
		AC576A3B215BCBFE00337091 /* Aplicativo.swift */ = {isa = PBXFileReference; lastKnownFileType = sourcecode.swift; path = Aplicativo.swift; sourceTree = "<group>"; };
/* End PBXFileReference section */

/* Begin PBXFrameworksBuildPhase section */
		AC576A21215BC8B800337091 /* Frameworks */ = {
			isa = PBXFrameworksBuildPhase;
			buildActionMask = 2147483647;
			files = (
			);
			runOnlyForDeploymentPostprocessing = 0;
		};
/* End PBXFrameworksBuildPhase section */

/* Begin PBXGroup section */
		AC576A1B215BC8B800337091 = {
			isa = PBXGroup;
			children = (
				AC576A26215BC8B800337091 /* ExemploSWAPI */,
				AC576A25215BC8B800337091 /* Products */,
			);
			sourceTree = "<group>";
		};
		AC576A25215BC8B800337091 /* Products */ = {
			isa = PBXGroup;
			children = (
				AC576A24215BC8B800337091 /* ExemploSWAPI.app */,
			);
			name = Products;
			sourceTree = "<group>";
		};
		AC576A26215BC8B800337091 /* ExemploSWAPI */ = {
			isa = PBXGroup;
			children = (
				AC576A27215BC8B900337091 /* AppDelegate.swift */,
				AC576A29215BC8B900337091 /* ViewController.swift */,
				AC576A2B215BC8B900337091 /* Main.storyboard */,
				AC576A3B215BCBFE00337091 /* Aplicativo.swift */,
				AC576A39215BC91F00337091 /* ListaTableViewController.swift */,
				AC576A2E215BC8BB00337091 /* Assets.xcassets */,
				AC576A30215BC8BB00337091 /* LaunchScreen.storyboard */,
				AC576A33215BC8BB00337091 /* Info.plist */,
			);
			path = ExemploSWAPI;
			sourceTree = "<group>";
		};
/* End PBXGroup section */

/* Begin PBXNativeTarget section */
		AC576A23215BC8B800337091 /* ExemploSWAPI */ = {
			isa = PBXNativeTarget;
			buildConfigurationList = AC576A36215BC8BB00337091 /* Build configuration list for PBXNativeTarget "ExemploSWAPI" */;
			buildPhases = (
				AC576A20215BC8B800337091 /* Sources */,
				AC576A21215BC8B800337091 /* Frameworks */,
				AC576A22215BC8B800337091 /* Resources */,
			);
			buildRules = (
			);
			dependencies = (
			);
			name = ExemploSWAPI;
			productName = ExemploSWAPI;
			productReference = AC576A24215BC8B800337091 /* ExemploSWAPI.app */;
			productType = "com.apple.product-type.application";
		};
/* End PBXNativeTarget section */

/* Begin PBXProject section */
		AC576A1C215BC8B800337091 /* Project object */ = {
			isa = PBXProject;
			attributes = {
				LastSwiftUpdateCheck = 0940;
				LastUpgradeCheck = 0940;
				ORGANIZATIONNAME = "Usuário Convidado";
				TargetAttributes = {
					AC576A23215BC8B800337091 = {
						CreatedOnToolsVersion = 9.4.1;
					};
				};
			};
			buildConfigurationList = AC576A1F215BC8B800337091 /* Build configuration list for PBXProject "ExemploSWAPI" */;
			compatibilityVersion = "Xcode 9.3";
			developmentRegion = en;
			hasScannedForEncodings = 0;
			knownRegions = (
				en,
				Base,
			);
			mainGroup = AC576A1B215BC8B800337091;
			productRefGroup = AC576A25215BC8B800337091 /* Products */;
			projectDirPath = "";
			projectRoot = "";
			targets = (
				AC576A23215BC8B800337091 /* ExemploSWAPI */,
			);
		};
/* End PBXProject section */

/* Begin PBXResourcesBuildPhase section */
		AC576A22215BC8B800337091 /* Resources */ = {
			isa = PBXResourcesBuildPhase;
			buildActionMask = 2147483647;
			files = (
				AC576A32215BC8BB00337091 /* LaunchScreen.storyboard in Resources */,
				AC576A2F215BC8BB00337091 /* Assets.xcassets in Resources */,
				AC576A2D215BC8B900337091 /* Main.storyboard in Resources */,
			);
			runOnlyForDeploymentPostprocessing = 0;
		};
/* End PBXResourcesBuildPhase section */

/* Begin PBXSourcesBuildPhase section */
		AC576A20215BC8B800337091 /* Sources */ = {
			isa = PBXSourcesBuildPhase;
			buildActionMask = 2147483647;
			files = (
				AC576A2A215BC8B900337091 /* ViewController.swift in Sources */,
				AC576A28215BC8B900337091 /* AppDelegate.swift in Sources */,
				AC576A3A215BC91F00337091 /* ListaTableViewController.swift in Sources */,
				AC576A3C215BCBFE00337091 /* Aplicativo.swift in Sources */,
			);
			runOnlyForDeploymentPostprocessing = 0;
		};
/* End PBXSourcesBuildPhase section */

/* Begin PBXVariantGroup section */
		AC576A2B215BC8B900337091 /* Main.storyboard */ = {
			isa = PBXVariantGroup;
			children = (
				AC576A2C215BC8B900337091 /* Base */,
			);
			name = Main.storyboard;
			sourceTree = "<group>";
		};
		AC576A30215BC8BB00337091 /* LaunchScreen.storyboard */ = {
			isa = PBXVariantGroup;
			children = (
				AC576A31215BC8BB00337091 /* Base */,
			);
			name = LaunchScreen.storyboard;
			sourceTree = "<group>";
		};
/* End PBXVariantGroup section */

/* Begin XCBuildConfiguration section */
		AC576A34215BC8BB00337091 /* Debug */ = {
			isa = XCBuildConfiguration;
			buildSettings = {
				ALWAYS_SEARCH_USER_PATHS = NO;
				CLANG_ANALYZER_NONNULL = YES;
				CLANG_ANALYZER_NUMBER_OBJECT_CONVERSION = YES_AGGRESSIVE;
				CLANG_CXX_LANGUAGE_STANDARD = "gnu++14";
				CLANG_CXX_LIBRARY = "libc++";
				CLANG_ENABLE_MODULES = YES;
				CLANG_ENABLE_OBJC_ARC = YES;
				CLANG_ENABLE_OBJC_WEAK = YES;
				CLANG_WARN_BLOCK_CAPTURE_AUTORELEASING = YES;
				CLANG_WARN_BOOL_CONVERSION = YES;
				CLANG_WARN_COMMA = YES;
				CLANG_WARN_CONSTANT_CONVERSION = YES;
				CLANG_WARN_DEPRECATED_OBJC_IMPLEMENTATIONS = YES;
				CLANG_WARN_DIRECT_OBJC_ISA_USAGE = YES_ERROR;
				CLANG_WARN_DOCUMENTATION_COMMENTS = YES;
				CLANG_WARN_EMPTY_BODY = YES;
				CLANG_WARN_ENUM_CONVERSION = YES;
				CLANG_WARN_INFINITE_RECURSION = YES;
				CLANG_WARN_INT_CONVERSION = YES;
				CLANG_WARN_NON_LITERAL_NULL_CONVERSION = YES;
				CLANG_WARN_OBJC_IMPLICIT_RETAIN_SELF = YES;
				CLANG_WARN_OBJC_LITERAL_CONVERSION = YES;
				CLANG_WARN_OBJC_ROOT_CLASS = YES_ERROR;
				CLANG_WARN_RANGE_LOOP_ANALYSIS = YES;
				CLANG_WARN_STRICT_PROTOTYPES = YES;
				CLANG_WARN_SUSPICIOUS_MOVE = YES;
				CLANG_WARN_UNGUARDED_AVAILABILITY = YES_AGGRESSIVE;
				CLANG_WARN_UNREACHABLE_CODE = YES;
				CLANG_WARN__DUPLICATE_METHOD_MATCH = YES;
				CODE_SIGN_IDENTITY = "iPhone Developer";
				COPY_PHASE_STRIP = NO;
				DEBUG_INFORMATION_FORMAT = dwarf;
				ENABLE_STRICT_OBJC_MSGSEND = YES;
				ENABLE_TESTABILITY = YES;
				GCC_C_LANGUAGE_STANDARD = gnu11;
				GCC_DYNAMIC_NO_PIC = NO;
				GCC_NO_COMMON_BLOCKS = YES;
				GCC_OPTIMIZATION_LEVEL = 0;
				GCC_PREPROCESSOR_DEFINITIONS = (
					"DEBUG=1",
					"$(inherited)",
				);
				GCC_WARN_64_TO_32_BIT_CONVERSION = YES;
				GCC_WARN_ABOUT_RETURN_TYPE = YES_ERROR;
				GCC_WARN_UNDECLARED_SELECTOR = YES;
				GCC_WARN_UNINITIALIZED_AUTOS = YES_AGGRESSIVE;
				GCC_WARN_UNUSED_FUNCTION = YES;
				GCC_WARN_UNUSED_VARIABLE = YES;
				IPHONEOS_DEPLOYMENT_TARGET = 11.4;
				MTL_ENABLE_DEBUG_INFO = YES;
				ONLY_ACTIVE_ARCH = YES;
				SDKROOT = iphoneos;
				SWIFT_ACTIVE_COMPILATION_CONDITIONS = DEBUG;
				SWIFT_OPTIMIZATION_LEVEL = "-Onone";
			};
			name = Debug;
		};
		AC576A35215BC8BB00337091 /* Release */ = {
			isa = XCBuildConfiguration;
			buildSettings = {
				ALWAYS_SEARCH_USER_PATHS = NO;
				CLANG_ANALYZER_NONNULL = YES;
				CLANG_ANALYZER_NUMBER_OBJECT_CONVERSION = YES_AGGRESSIVE;
				CLANG_CXX_LANGUAGE_STANDARD = "gnu++14";
				CLANG_CXX_LIBRARY = "libc++";
				CLANG_ENABLE_MODULES = YES;
				CLANG_ENABLE_OBJC_ARC = YES;
				CLANG_ENABLE_OBJC_WEAK = YES;
				CLANG_WARN_BLOCK_CAPTURE_AUTORELEASING = YES;
				CLANG_WARN_BOOL_CONVERSION = YES;
				CLANG_WARN_COMMA = YES;
				CLANG_WARN_CONSTANT_CONVERSION = YES;
				CLANG_WARN_DEPRECATED_OBJC_IMPLEMENTATIONS = YES;
				CLANG_WARN_DIRECT_OBJC_ISA_USAGE = YES_ERROR;
				CLANG_WARN_DOCUMENTATION_COMMENTS = YES;
				CLANG_WARN_EMPTY_BODY = YES;
				CLANG_WARN_ENUM_CONVERSION = YES;
				CLANG_WARN_INFINITE_RECURSION = YES;
				CLANG_WARN_INT_CONVERSION = YES;
				CLANG_WARN_NON_LITERAL_NULL_CONVERSION = YES;
				CLANG_WARN_OBJC_IMPLICIT_RETAIN_SELF = YES;
				CLANG_WARN_OBJC_LITERAL_CONVERSION = YES;
				CLANG_WARN_OBJC_ROOT_CLASS = YES_ERROR;
				CLANG_WARN_RANGE_LOOP_ANALYSIS = YES;
				CLANG_WARN_STRICT_PROTOTYPES = YES;
				CLANG_WARN_SUSPICIOUS_MOVE = YES;
				CLANG_WARN_UNGUARDED_AVAILABILITY = YES_AGGRESSIVE;
				CLANG_WARN_UNREACHABLE_CODE = YES;
				CLANG_WARN__DUPLICATE_METHOD_MATCH = YES;
				CODE_SIGN_IDENTITY = "iPhone Developer";
				COPY_PHASE_STRIP = NO;
				DEBUG_INFORMATION_FORMAT = "dwarf-with-dsym";
				ENABLE_NS_ASSERTIONS = NO;
				ENABLE_STRICT_OBJC_MSGSEND = YES;
				GCC_C_LANGUAGE_STANDARD = gnu11;
				GCC_NO_COMMON_BLOCKS = YES;
				GCC_WARN_64_TO_32_BIT_CONVERSION = YES;
				GCC_WARN_ABOUT_RETURN_TYPE = YES_ERROR;
				GCC_WARN_UNDECLARED_SELECTOR = YES;
				GCC_WARN_UNINITIALIZED_AUTOS = YES_AGGRESSIVE;
				GCC_WARN_UNUSED_FUNCTION = YES;
				GCC_WARN_UNUSED_VARIABLE = YES;
				IPHONEOS_DEPLOYMENT_TARGET = 11.4;
				MTL_ENABLE_DEBUG_INFO = NO;
				SDKROOT = iphoneos;
				SWIFT_COMPILATION_MODE = wholemodule;
				SWIFT_OPTIMIZATION_LEVEL = "-O";
				VALIDATE_PRODUCT = YES;
			};
			name = Release;
		};
		AC576A37215BC8BB00337091 /* Debug */ = {
			isa = XCBuildConfiguration;
			buildSettings = {
				ASSETCATALOG_COMPILER_APPICON_NAME = AppIcon;
				CODE_SIGN_STYLE = Automatic;
				INFOPLIST_FILE = ExemploSWAPI/Info.plist;
				LD_RUNPATH_SEARCH_PATHS = (
					"$(inherited)",
					"@executable_path/Frameworks",
				);
				PRODUCT_BUNDLE_IDENTIFIER = br.com.fiap.ExemploSWAPI;
				PRODUCT_NAME = "$(TARGET_NAME)";
				SWIFT_VERSION = 4.0;
				TARGETED_DEVICE_FAMILY = "1,2";
			};
			name = Debug;
		};
		AC576A38215BC8BB00337091 /* Release */ = {
			isa = XCBuildConfiguration;
			buildSettings = {
				ASSETCATALOG_COMPILER_APPICON_NAME = AppIcon;
				CODE_SIGN_STYLE = Automatic;
				INFOPLIST_FILE = ExemploSWAPI/Info.plist;
				LD_RUNPATH_SEARCH_PATHS = (
					"$(inherited)",
					"@executable_path/Frameworks",
				);
				PRODUCT_BUNDLE_IDENTIFIER = br.com.fiap.ExemploSWAPI;
				PRODUCT_NAME = "$(TARGET_NAME)";
				SWIFT_VERSION = 4.0;
				TARGETED_DEVICE_FAMILY = "1,2";
			};
			name = Release;
		};
/* End XCBuildConfiguration section */

/* Begin XCConfigurationList section */
		AC576A1F215BC8B800337091 /* Build configuration list for PBXProject "ExemploSWAPI" */ = {
			isa = XCConfigurationList;
			buildConfigurations = (
				AC576A34215BC8BB00337091 /* Debug */,
				AC576A35215BC8BB00337091 /* Release */,
			);
			defaultConfigurationIsVisible = 0;
			defaultConfigurationName = Release;
		};
		AC576A36215BC8BB00337091 /* Build configuration list for PBXNativeTarget "ExemploSWAPI" */ = {
			isa = XCConfigurationList;
			buildConfigurations = (
				AC576A37215BC8BB00337091 /* Debug */,
				AC576A38215BC8BB00337091 /* Release */,
			);
			defaultConfigurationIsVisible = 0;
			defaultConfigurationName = Release;
		};
/* End XCConfigurationList section */
	};
	rootObject = AC576A1C215BC8B800337091 /* Project object */;
}
